
Microsoft Visual Studio Solution File, Format Version 12.00
# Visual Studio 2013
VisualStudioVersion = 12.0.30501.0
MinimumVisualStudioVersion = 10.0.40219.1
Project("{00D1A9C2-B5F0-4AF3-8072-F6C62B433612}") = "SMW.Database", "SMW.Database\SMW.Database.sqlproj", "{F53A91C5-5D08-488B-A05A-DC1B8A14C5AE}"
EndProject
Project("{FAE04EC0-301F-11D3-BF4B-00C04F79EFBC}") = "SMW.EF", "SMW.EF\SMW.EF.csproj", "{BEA960C1-40E8-421A-85D6-560BB4AB9856}"
EndProject
Project("{FAE04EC0-301F-11D3-BF4B-00C04F79EFBC}") = "SMW.BAL", "SMW.BAL\SMW.BAL.csproj", "{6E6DFB5F-1816-424E-BB6A-133935D23E90}"
EndProject
Project("{FAE04EC0-301F-11D3-BF4B-00C04F79EFBC}") = "SMW.DAL", "SMW.DAL\SMW.DAL.csproj", "{AEE7DD65-292C-41EE-81C3-2D0CD44CA311}"
EndProject
Project("{FAE04EC0-301F-11D3-BF4B-00C04F79EFBC}") = "SMW.DependencyResolver", "SMW.DependencyResolver\SMW.DependencyResolver.csproj", "{1002B9CB-CBB1-409E-87A2-7588C5D7901E}"
EndProject
Project("{FAE04EC0-301F-11D3-BF4B-00C04F79EFBC}") = "SMW.Helpers", "SMW.Helpers\SMW.Helpers.csproj", "{72EC3D0F-45CC-4598-BC1C-D95B59A30705}"
EndProject
Project("{FAE04EC0-301F-11D3-BF4B-00C04F79EFBC}") = "SMW.Interfaces", "SMW.Interfaces\SMW.Interfaces.csproj", "{EC6FAD24-BF26-41C5-BE7D-319C51C65FE0}"
EndProject
Project("{FAE04EC0-301F-11D3-BF4B-00C04F79EFBC}") = "SMW.Models", "SMW.Models\SMW.Models.csproj", "{7945906F-4BCF-4B69-91DF-E0AB9181A878}"
EndProject
Project("{FAE04EC0-301F-11D3-BF4B-00C04F79EFBC}") = "SMW.DTO", "SMW.DTO\SMW.DTO.csproj", "{F9D8ECCA-B517-41EE-8DFC-E644DA8D9751}"
EndProject
Project("{FAE04EC0-301F-11D3-BF4B-00C04F79EFBC}") = "SMW.Admin", "SMW.Admin\SMW.Admin.csproj", "{09914108-18B5-4421-B969-A771529C115E}"
EndProject
Project("{FAE04EC0-301F-11D3-BF4B-00C04F79EFBC}") = "SMW.Library", "SMW.Library\SMW.Library.csproj", "{FD2D4C42-01B6-4BA1-93A8-6A5BDDB54D83}"
EndProject
Project("{FAE04EC0-301F-11D3-BF4B-00C04F79EFBC}") = "SMW_Web", "SMW Web\SMW Web\SMW_Web.csproj", "{66E65E05-0E3B-4B2B-8BAA-305E1DF1E352}"
EndProject
Global
	GlobalSection(SolutionConfigurationPlatforms) = preSolution
		Debug|Any CPU = Debug|Any CPU
		Release|Any CPU = Release|Any CPU
	EndGlobalSection
	GlobalSection(ProjectConfigurationPlatforms) = postSolution
		{F53A91C5-5D08-488B-A05A-DC1B8A14C5AE}.Debug|Any CPU.ActiveCfg = Debug|Any CPU
		{F53A91C5-5D08-488B-A05A-DC1B8A14C5AE}.Debug|Any CPU.Build.0 = Debug|Any CPU
		{F53A91C5-5D08-488B-A05A-DC1B8A14C5AE}.Debug|Any CPU.Deploy.0 = Debug|Any CPU
		{F53A91C5-5D08-488B-A05A-DC1B8A14C5AE}.Release|Any CPU.ActiveCfg = Release|Any CPU
		{F53A91C5-5D08-488B-A05A-DC1B8A14C5AE}.Release|Any CPU.Build.0 = Release|Any CPU
		{F53A91C5-5D08-488B-A05A-DC1B8A14C5AE}.Release|Any CPU.Deploy.0 = Release|Any CPU
		{BEA960C1-40E8-421A-85D6-560BB4AB9856}.Debug|Any CPU.ActiveCfg = Debug|Any CPU
		{BEA960C1-40E8-421A-85D6-560BB4AB9856}.Debug|Any CPU.Build.0 = Debug|Any CPU
		{BEA960C1-40E8-421A-85D6-560BB4AB9856}.Release|Any CPU.ActiveCfg = Release|Any CPU
		{BEA960C1-40E8-421A-85D6-560BB4AB9856}.Release|Any CPU.Build.0 = Release|Any CPU
		{6E6DFB5F-1816-424E-BB6A-133935D23E90}.Debug|Any CPU.ActiveCfg = Debug|Any CPU
		{6E6DFB5F-1816-424E-BB6A-133935D23E90}.Debug|Any CPU.Build.0 = Debug|Any CPU
		{6E6DFB5F-1816-424E-BB6A-133935D23E90}.Release|Any CPU.ActiveCfg = Release|Any CPU
		{6E6DFB5F-1816-424E-BB6A-133935D23E90}.Release|Any CPU.Build.0 = Release|Any CPU
		{AEE7DD65-292C-41EE-81C3-2D0CD44CA311}.Debug|Any CPU.ActiveCfg = Debug|Any CPU
		{AEE7DD65-292C-41EE-81C3-2D0CD44CA311}.Debug|Any CPU.Build.0 = Debug|Any CPU
		{AEE7DD65-292C-41EE-81C3-2D0CD44CA311}.Release|Any CPU.ActiveCfg = Release|Any CPU
		{AEE7DD65-292C-41EE-81C3-2D0CD44CA311}.Release|Any CPU.Build.0 = Release|Any CPU
		{1002B9CB-CBB1-409E-87A2-7588C5D7901E}.Debug|Any CPU.ActiveCfg = Debug|Any CPU
		{1002B9CB-CBB1-409E-87A2-7588C5D7901E}.Debug|Any CPU.Build.0 = Debug|Any CPU
		{1002B9CB-CBB1-409E-87A2-7588C5D7901E}.Release|Any CPU.ActiveCfg = Release|Any CPU
		{1002B9CB-CBB1-409E-87A2-7588C5D7901E}.Release|Any CPU.Build.0 = Release|Any CPU
		{72EC3D0F-45CC-4598-BC1C-D95B59A30705}.Debug|Any CPU.ActiveCfg = Debug|Any CPU
		{72EC3D0F-45CC-4598-BC1C-D95B59A30705}.Debug|Any CPU.Build.0 = Debug|Any CPU
		{72EC3D0F-45CC-4598-BC1C-D95B59A30705}.Release|Any CPU.ActiveCfg = Release|Any CPU
		{72EC3D0F-45CC-4598-BC1C-D95B59A30705}.Release|Any CPU.Build.0 = Release|Any CPU
		{EC6FAD24-BF26-41C5-BE7D-319C51C65FE0}.Debug|Any CPU.ActiveCfg = Debug|Any CPU
		{EC6FAD24-BF26-41C5-BE7D-319C51C65FE0}.Debug|Any CPU.Build.0 = Debug|Any CPU
		{EC6FAD24-BF26-41C5-BE7D-319C51C65FE0}.Release|Any CPU.ActiveCfg = Release|Any CPU
		{EC6FAD24-BF26-41C5-BE7D-319C51C65FE0}.Release|Any CPU.Build.0 = Release|Any CPU
		{7945906F-4BCF-4B69-91DF-E0AB9181A878}.Debug|Any CPU.ActiveCfg = Debug|Any CPU
		{7945906F-4BCF-4B69-91DF-E0AB9181A878}.Debug|Any CPU.Build.0 = Debug|Any CPU
		{7945906F-4BCF-4B69-91DF-E0AB9181A878}.Release|Any CPU.ActiveCfg = Release|Any CPU
		{7945906F-4BCF-4B69-91DF-E0AB9181A878}.Release|Any CPU.Build.0 = Release|Any CPU
		{F9D8ECCA-B517-41EE-8DFC-E644DA8D9751}.Debug|Any CPU.ActiveCfg = Debug|Any CPU
		{F9D8ECCA-B517-41EE-8DFC-E644DA8D9751}.Debug|Any CPU.Build.0 = Debug|Any CPU
		{F9D8ECCA-B517-41EE-8DFC-E644DA8D9751}.Release|Any CPU.ActiveCfg = Release|Any CPU
		{F9D8ECCA-B517-41EE-8DFC-E644DA8D9751}.Release|Any CPU.Build.0 = Release|Any CPU
		{09914108-18B5-4421-B969-A771529C115E}.Debug|Any CPU.ActiveCfg = Debug|Any CPU
		{09914108-18B5-4421-B969-A771529C115E}.Debug|Any CPU.Build.0 = Debug|Any CPU
		{09914108-18B5-4421-B969-A771529C115E}.Release|Any CPU.ActiveCfg = Release|Any CPU
		{09914108-18B5-4421-B969-A771529C115E}.Release|Any CPU.Build.0 = Release|Any CPU
		{FD2D4C42-01B6-4BA1-93A8-6A5BDDB54D83}.Debug|Any CPU.ActiveCfg = Debug|Any CPU
		{FD2D4C42-01B6-4BA1-93A8-6A5BDDB54D83}.Debug|Any CPU.Build.0 = Debug|Any CPU
		{FD2D4C42-01B6-4BA1-93A8-6A5BDDB54D83}.Release|Any CPU.ActiveCfg = Release|Any CPU
		{FD2D4C42-01B6-4BA1-93A8-6A5BDDB54D83}.Release|Any CPU.Build.0 = Release|Any CPU
		{66E65E05-0E3B-4B2B-8BAA-305E1DF1E352}.Debug|Any CPU.ActiveCfg = Debug|Any CPU
		{66E65E05-0E3B-4B2B-8BAA-305E1DF1E352}.Debug|Any CPU.Build.0 = Debug|Any CPU
		{66E65E05-0E3B-4B2B-8BAA-305E1DF1E352}.Release|Any CPU.ActiveCfg = Release|Any CPU
		{66E65E05-0E3B-4B2B-8BAA-305E1DF1E352}.Release|Any CPU.Build.0 = Release|Any CPU
	EndGlobalSection
	GlobalSection(SolutionProperties) = preSolution
		HideSolutionNode = FALSE
	EndGlobalSection
EndGlobal
