
Microsoft Visual Studio Solution File, Format Version 12.00
# Visual Studio 2013
VisualStudioVersion = 12.0.30501.0
MinimumVisualStudioVersion = 10.0.40219.1
Project("{FAE04EC0-301F-11D3-BF4B-00C04F79EFBC}") = "SMW_Web", "SMW Web\SMW_Web.csproj", "{66E65E05-0E3B-4B2B-8BAA-305E1DF1E352}"
EndProject
Global
	GlobalSection(SolutionConfigurationPlatforms) = preSolution
		Debug|Any CPU = Debug|Any CPU
		Release|Any CPU = Release|Any CPU
	EndGlobalSection
	GlobalSection(ProjectConfigurationPlatforms) = postSolution
		{66E65E05-0E3B-4B2B-8BAA-305E1DF1E352}.Debug|Any CPU.ActiveCfg = Debug|Any CPU
		{66E65E05-0E3B-4B2B-8BAA-305E1DF1E352}.Debug|Any CPU.Build.0 = Debug|Any CPU
		{66E65E05-0E3B-4B2B-8BAA-305E1DF1E352}.Release|Any CPU.ActiveCfg = Release|Any CPU
		{66E65E05-0E3B-4B2B-8BAA-305E1DF1E352}.Release|Any CPU.Build.0 = Release|Any CPU
	EndGlobalSection
	GlobalSection(SolutionProperties) = preSolution
		HideSolutionNode = FALSE
	EndGlobalSection
EndGlobal
